// !$*UTF8*$!
{
	archiveVersion = 1;
	classes = {
	};
	objectVersion = 55;
	objects = {

/* Begin PBXBuildFile section */
		96B592DB287D72CF00513E5E /* Login_SwiftUIApp.swift in Sources */ = {isa = PBXBuildFile; fileRef = 96B592DA287D72CF00513E5E /* Login_SwiftUIApp.swift */; };
		96B592DD287D72CF00513E5E /* ContentView.swift in Sources */ = {isa = PBXBuildFile; fileRef = 96B592DC287D72CF00513E5E /* ContentView.swift */; };
		96B592DF287D72D100513E5E /* Assets.xcassets in Resources */ = {isa = PBXBuildFile; fileRef = 96B592DE287D72D100513E5E /* Assets.xcassets */; };
		96B592E2287D72D100513E5E /* Preview Assets.xcassets in Resources */ = {isa = PBXBuildFile; fileRef = 96B592E1287D72D100513E5E /* Preview Assets.xcassets */; };
		96B592EA287D736A00513E5E /* LoginView.swift in Sources */ = {isa = PBXBuildFile; fileRef = 96B592E9287D736A00513E5E /* LoginView.swift */; };
		96B592EC287D737900513E5E /* RegisterView.swift in Sources */ = {isa = PBXBuildFile; fileRef = 96B592EB287D737900513E5E /* RegisterView.swift */; };
		96B592EE287D738A00513E5E /* HomeView.swift in Sources */ = {isa = PBXBuildFile; fileRef = 96B592ED287D738A00513E5E /* HomeView.swift */; };
		96B592F0287D73CC00513E5E /* OnboardingView.swift in Sources */ = {isa = PBXBuildFile; fileRef = 96B592EF287D73CC00513E5E /* OnboardingView.swift */; };
		96B5934828803A3100513E5E /* AppleLogin.swift in Sources */ = {isa = PBXBuildFile; fileRef = 96B5934728803A3100513E5E /* AppleLogin.swift */; };
		96B5934A28803AB800513E5E /* ButtonView.swift in Sources */ = {isa = PBXBuildFile; fileRef = 96B5934928803AB800513E5E /* ButtonView.swift */; };
		96B5934C28803FCC00513E5E /* GoogleLogin.swift in Sources */ = {isa = PBXBuildFile; fileRef = 96B5934B28803FCC00513E5E /* GoogleLogin.swift */; };
/* End PBXBuildFile section */

/* Begin PBXFileReference section */
		96B592D7287D72CF00513E5E /* Login-SwiftUI.app */ = {isa = PBXFileReference; explicitFileType = wrapper.application; includeInIndex = 0; path = "Login-SwiftUI.app"; sourceTree = BUILT_PRODUCTS_DIR; };
		96B592DA287D72CF00513E5E /* Login_SwiftUIApp.swift */ = {isa = PBXFileReference; lastKnownFileType = sourcecode.swift; path = Login_SwiftUIApp.swift; sourceTree = "<group>"; };
		96B592DC287D72CF00513E5E /* ContentView.swift */ = {isa = PBXFileReference; lastKnownFileType = sourcecode.swift; path = ContentView.swift; sourceTree = "<group>"; };
		96B592DE287D72D100513E5E /* Assets.xcassets */ = {isa = PBXFileReference; lastKnownFileType = folder.assetcatalog; path = Assets.xcassets; sourceTree = "<group>"; };
		96B592E1287D72D100513E5E /* Preview Assets.xcassets */ = {isa = PBXFileReference; lastKnownFileType = folder.assetcatalog; path = "Preview Assets.xcassets"; sourceTree = "<group>"; };
		96B592E9287D736A00513E5E /* LoginView.swift */ = {isa = PBXFileReference; lastKnownFileType = sourcecode.swift; path = LoginView.swift; sourceTree = "<group>"; };
		96B592EB287D737900513E5E /* RegisterView.swift */ = {isa = PBXFileReference; lastKnownFileType = sourcecode.swift; path = RegisterView.swift; sourceTree = "<group>"; };
		96B592ED287D738A00513E5E /* HomeView.swift */ = {isa = PBXFileReference; lastKnownFileType = sourcecode.swift; path = HomeView.swift; sourceTree = "<group>"; };
		96B592EF287D73CC00513E5E /* OnboardingView.swift */ = {isa = PBXFileReference; lastKnownFileType = sourcecode.swift; path = OnboardingView.swift; sourceTree = "<group>"; };
		96B5932428801A0800513E5E /* Login-SwiftUI.entitlements */ = {isa = PBXFileReference; lastKnownFileType = text.plist.entitlements; path = "Login-SwiftUI.entitlements"; sourceTree = "<group>"; };
		96B5934728803A3100513E5E /* AppleLogin.swift */ = {isa = PBXFileReference; lastKnownFileType = sourcecode.swift; path = AppleLogin.swift; sourceTree = "<group>"; };
		96B5934928803AB800513E5E /* ButtonView.swift */ = {isa = PBXFileReference; lastKnownFileType = sourcecode.swift; path = ButtonView.swift; sourceTree = "<group>"; };
		96B5934B28803FCC00513E5E /* GoogleLogin.swift */ = {isa = PBXFileReference; lastKnownFileType = sourcecode.swift; path = GoogleLogin.swift; sourceTree = "<group>"; };
/* End PBXFileReference section */

/* Begin PBXFrameworksBuildPhase section */
		96B592D4287D72CF00513E5E /* Frameworks */ = {
			isa = PBXFrameworksBuildPhase;
			buildActionMask = 2147483647;
			files = (
			);
			runOnlyForDeploymentPostprocessing = 0;
		};
/* End PBXFrameworksBuildPhase section */

/* Begin PBXGroup section */
		96B592CE287D72CF00513E5E = {
			isa = PBXGroup;
			children = (
				96B592D9287D72CF00513E5E /* Login-SwiftUI */,
				96B592D8287D72CF00513E5E /* Products */,
			);
			sourceTree = "<group>";
		};
		96B592D8287D72CF00513E5E /* Products */ = {
			isa = PBXGroup;
			children = (
				96B592D7287D72CF00513E5E /* Login-SwiftUI.app */,
			);
			name = Products;
			sourceTree = "<group>";
		};
		96B592D9287D72CF00513E5E /* Login-SwiftUI */ = {
			isa = PBXGroup;
			children = (
				96B5934628803A1D00513E5E /* Views */,
				96B5932428801A0800513E5E /* Login-SwiftUI.entitlements */,
				96B592DA287D72CF00513E5E /* Login_SwiftUIApp.swift */,
				96B592E8287D735600513E5E /* Screen */,
				96B592DE287D72D100513E5E /* Assets.xcassets */,
				96B592E0287D72D100513E5E /* Preview Content */,
			);
			path = "Login-SwiftUI";
			sourceTree = "<group>";
		};
		96B592E0287D72D100513E5E /* Preview Content */ = {
			isa = PBXGroup;
			children = (
				96B592E1287D72D100513E5E /* Preview Assets.xcassets */,
			);
			path = "Preview Content";
			sourceTree = "<group>";
		};
		96B592E8287D735600513E5E /* Screen */ = {
			isa = PBXGroup;
			children = (
				96B592DC287D72CF00513E5E /* ContentView.swift */,
				96B592E9287D736A00513E5E /* LoginView.swift */,
				96B592EB287D737900513E5E /* RegisterView.swift */,
				96B592ED287D738A00513E5E /* HomeView.swift */,
				96B592EF287D73CC00513E5E /* OnboardingView.swift */,
			);
			path = Screen;
			sourceTree = "<group>";
		};
		96B5934628803A1D00513E5E /* Views */ = {
			isa = PBXGroup;
			children = (
				96B5934728803A3100513E5E /* AppleLogin.swift */,
				96B5934928803AB800513E5E /* ButtonView.swift */,
				96B5934B28803FCC00513E5E /* GoogleLogin.swift */,
			);
			path = Views;
			sourceTree = "<group>";
		};
/* End PBXGroup section */

/* Begin PBXNativeTarget section */
		96B592D6287D72CF00513E5E /* Login-SwiftUI */ = {
			isa = PBXNativeTarget;
			buildConfigurationList = 96B592E5287D72D100513E5E /* Build configuration list for PBXNativeTarget "Login-SwiftUI" */;
			buildPhases = (
				96B592D3287D72CF00513E5E /* Sources */,
				96B592D4287D72CF00513E5E /* Frameworks */,
				96B592D5287D72CF00513E5E /* Resources */,
			);
			buildRules = (
			);
			dependencies = (
			);
			name = "Login-SwiftUI";
			productName = "Login-SwiftUI";
			productReference = 96B592D7287D72CF00513E5E /* Login-SwiftUI.app */;
			productType = "com.apple.product-type.application";
		};
/* End PBXNativeTarget section */

/* Begin PBXProject section */
		96B592CF287D72CF00513E5E /* Project object */ = {
			isa = PBXProject;
			attributes = {
				BuildIndependentTargetsInParallel = 1;
				LastSwiftUpdateCheck = 1340;
				LastUpgradeCheck = 1340;
				TargetAttributes = {
					96B592D6287D72CF00513E5E = {
						CreatedOnToolsVersion = 13.4.1;
					};
				};
			};
			buildConfigurationList = 96B592D2287D72CF00513E5E /* Build configuration list for PBXProject "Login-SwiftUI" */;
			compatibilityVersion = "Xcode 13.0";
			developmentRegion = en;
			hasScannedForEncodings = 0;
			knownRegions = (
				en,
				Base,
			);
			mainGroup = 96B592CE287D72CF00513E5E;
			productRefGroup = 96B592D8287D72CF00513E5E /* Products */;
			projectDirPath = "";
			projectRoot = "";
			targets = (
				96B592D6287D72CF00513E5E /* Login-SwiftUI */,
			);
		};
/* End PBXProject section */

/* Begin PBXResourcesBuildPhase section */
		96B592D5287D72CF00513E5E /* Resources */ = {
			isa = PBXResourcesBuildPhase;
			buildActionMask = 2147483647;
			files = (
				96B592E2287D72D100513E5E /* Preview Assets.xcassets in Resources */,
				96B592DF287D72D100513E5E /* Assets.xcassets in Resources */,
			);
			runOnlyForDeploymentPostprocessing = 0;
		};
/* End PBXResourcesBuildPhase section */

/* Begin PBXSourcesBuildPhase section */
		96B592D3287D72CF00513E5E /* Sources */ = {
			isa = PBXSourcesBuildPhase;
			buildActionMask = 2147483647;
			files = (
				96B592EA287D736A00513E5E /* LoginView.swift in Sources */,
				96B592EC287D737900513E5E /* RegisterView.swift in Sources */,
				96B5934A28803AB800513E5E /* ButtonView.swift in Sources */,
				96B592DD287D72CF00513E5E /* ContentView.swift in Sources */,
				96B592F0287D73CC00513E5E /* OnboardingView.swift in Sources */,
				96B592EE287D738A00513E5E /* HomeView.swift in Sources */,
				96B592DB287D72CF00513E5E /* Login_SwiftUIApp.swift in Sources */,
				96B5934828803A3100513E5E /* AppleLogin.swift in Sources */,
				96B5934C28803FCC00513E5E /* GoogleLogin.swift in Sources */,
			);
			runOnlyForDeploymentPostprocessing = 0;
		};
/* End PBXSourcesBuildPhase section */

/* Begin XCBuildConfiguration section */
		96B592E3287D72D100513E5E /* Debug */ = {
			isa = XCBuildConfiguration;
			buildSettings = {
				ALWAYS_SEARCH_USER_PATHS = NO;
				CLANG_ANALYZER_NONNULL = YES;
				CLANG_ANALYZER_NUMBER_OBJECT_CONVERSION = YES_AGGRESSIVE;
				CLANG_CXX_LANGUAGE_STANDARD = "gnu++17";
				CLANG_ENABLE_MODULES = YES;
				CLANG_ENABLE_OBJC_ARC = YES;
				CLANG_ENABLE_OBJC_WEAK = YES;
				CLANG_WARN_BLOCK_CAPTURE_AUTORELEASING = YES;
				CLANG_WARN_BOOL_CONVERSION = YES;
				CLANG_WARN_COMMA = YES;
				CLANG_WARN_CONSTANT_CONVERSION = YES;
				CLANG_WARN_DEPRECATED_OBJC_IMPLEMENTATIONS = YES;
				CLANG_WARN_DIRECT_OBJC_ISA_USAGE = YES_ERROR;
				CLANG_WARN_DOCUMENTATION_COMMENTS = YES;
				CLANG_WARN_EMPTY_BODY = YES;
				CLANG_WARN_ENUM_CONVERSION = YES;
				CLANG_WARN_INFINITE_RECURSION = YES;
				CLANG_WARN_INT_CONVERSION = YES;
				CLANG_WARN_NON_LITERAL_NULL_CONVERSION = YES;
				CLANG_WARN_OBJC_IMPLICIT_RETAIN_SELF = YES;
				CLANG_WARN_OBJC_LITERAL_CONVERSION = YES;
				CLANG_WARN_OBJC_ROOT_CLASS = YES_ERROR;
				CLANG_WARN_QUOTED_INCLUDE_IN_FRAMEWORK_HEADER = YES;
				CLANG_WARN_RANGE_LOOP_ANALYSIS = YES;
				CLANG_WARN_STRICT_PROTOTYPES = YES;
				CLANG_WARN_SUSPICIOUS_MOVE = YES;
				CLANG_WARN_UNGUARDED_AVAILABILITY = YES_AGGRESSIVE;
				CLANG_WARN_UNREACHABLE_CODE = YES;
				CLANG_WARN__DUPLICATE_METHOD_MATCH = YES;
				COPY_PHASE_STRIP = NO;
				DEBUG_INFORMATION_FORMAT = dwarf;
				ENABLE_STRICT_OBJC_MSGSEND = YES;
				ENABLE_TESTABILITY = YES;
				GCC_C_LANGUAGE_STANDARD = gnu11;
				GCC_DYNAMIC_NO_PIC = NO;
				GCC_NO_COMMON_BLOCKS = YES;
				GCC_OPTIMIZATION_LEVEL = 0;
				GCC_PREPROCESSOR_DEFINITIONS = (
					"DEBUG=1",
					"$(inherited)",
				);
				GCC_WARN_64_TO_32_BIT_CONVERSION = YES;
				GCC_WARN_ABOUT_RETURN_TYPE = YES_ERROR;
				GCC_WARN_UNDECLARED_SELECTOR = YES;
				GCC_WARN_UNINITIALIZED_AUTOS = YES_AGGRESSIVE;
				GCC_WARN_UNUSED_FUNCTION = YES;
				GCC_WARN_UNUSED_VARIABLE = YES;
				IPHONEOS_DEPLOYMENT_TARGET = 15.5;
				MTL_ENABLE_DEBUG_INFO = INCLUDE_SOURCE;
				MTL_FAST_MATH = YES;
				ONLY_ACTIVE_ARCH = YES;
				SDKROOT = iphoneos;
				SWIFT_ACTIVE_COMPILATION_CONDITIONS = DEBUG;
				SWIFT_OPTIMIZATION_LEVEL = "-Onone";
			};
			name = Debug;
		};
		96B592E4287D72D100513E5E /* Release */ = {
			isa = XCBuildConfiguration;
			buildSettings = {
				ALWAYS_SEARCH_USER_PATHS = NO;
				CLANG_ANALYZER_NONNULL = YES;
				CLANG_ANALYZER_NUMBER_OBJECT_CONVERSION = YES_AGGRESSIVE;
				CLANG_CXX_LANGUAGE_STANDARD = "gnu++17";
				CLANG_ENABLE_MODULES = YES;
				CLANG_ENABLE_OBJC_ARC = YES;
				CLANG_ENABLE_OBJC_WEAK = YES;
				CLANG_WARN_BLOCK_CAPTURE_AUTORELEASING = YES;
				CLANG_WARN_BOOL_CONVERSION = YES;
				CLANG_WARN_COMMA = YES;
				CLANG_WARN_CONSTANT_CONVERSION = YES;
				CLANG_WARN_DEPRECATED_OBJC_IMPLEMENTATIONS = YES;
				CLANG_WARN_DIRECT_OBJC_ISA_USAGE = YES_ERROR;
				CLANG_WARN_DOCUMENTATION_COMMENTS = YES;
				CLANG_WARN_EMPTY_BODY = YES;
				CLANG_WARN_ENUM_CONVERSION = YES;
				CLANG_WARN_INFINITE_RECURSION = YES;
				CLANG_WARN_INT_CONVERSION = YES;
				CLANG_WARN_NON_LITERAL_NULL_CONVERSION = YES;
				CLANG_WARN_OBJC_IMPLICIT_RETAIN_SELF = YES;
				CLANG_WARN_OBJC_LITERAL_CONVERSION = YES;
				CLANG_WARN_OBJC_ROOT_CLASS = YES_ERROR;
				CLANG_WARN_QUOTED_INCLUDE_IN_FRAMEWORK_HEADER = YES;
				CLANG_WARN_RANGE_LOOP_ANALYSIS = YES;
				CLANG_WARN_STRICT_PROTOTYPES = YES;
				CLANG_WARN_SUSPICIOUS_MOVE = YES;
				CLANG_WARN_UNGUARDED_AVAILABILITY = YES_AGGRESSIVE;
				CLANG_WARN_UNREACHABLE_CODE = YES;
				CLANG_WARN__DUPLICATE_METHOD_MATCH = YES;
				COPY_PHASE_STRIP = NO;
				DEBUG_INFORMATION_FORMAT = "dwarf-with-dsym";
				ENABLE_NS_ASSERTIONS = NO;
				ENABLE_STRICT_OBJC_MSGSEND = YES;
				GCC_C_LANGUAGE_STANDARD = gnu11;
				GCC_NO_COMMON_BLOCKS = YES;
				GCC_WARN_64_TO_32_BIT_CONVERSION = YES;
				GCC_WARN_ABOUT_RETURN_TYPE = YES_ERROR;
				GCC_WARN_UNDECLARED_SELECTOR = YES;
				GCC_WARN_UNINITIALIZED_AUTOS = YES_AGGRESSIVE;
				GCC_WARN_UNUSED_FUNCTION = YES;
				GCC_WARN_UNUSED_VARIABLE = YES;
				IPHONEOS_DEPLOYMENT_TARGET = 15.5;
				MTL_ENABLE_DEBUG_INFO = NO;
				MTL_FAST_MATH = YES;
				SDKROOT = iphoneos;
				SWIFT_COMPILATION_MODE = wholemodule;
				SWIFT_OPTIMIZATION_LEVEL = "-O";
				VALIDATE_PRODUCT = YES;
			};
			name = Release;
		};
		96B592E6287D72D100513E5E /* Debug */ = {
			isa = XCBuildConfiguration;
			buildSettings = {
				ASSETCATALOG_COMPILER_APPICON_NAME = AppIcon;
				ASSETCATALOG_COMPILER_GLOBAL_ACCENT_COLOR_NAME = AccentColor;
				CODE_SIGN_ENTITLEMENTS = "Login-SwiftUI/Login-SwiftUI.entitlements";
				CODE_SIGN_STYLE = Automatic;
				CURRENT_PROJECT_VERSION = 1;
				DEVELOPMENT_ASSET_PATHS = "\"Login-SwiftUI/Preview Content\"";
				DEVELOPMENT_TEAM = 2TAHU375FY;
				ENABLE_PREVIEWS = YES;
				GENERATE_INFOPLIST_FILE = YES;
				INFOPLIST_KEY_UIApplicationSceneManifest_Generation = YES;
				INFOPLIST_KEY_UIApplicationSupportsIndirectInputEvents = YES;
				INFOPLIST_KEY_UILaunchScreen_Generation = YES;
				INFOPLIST_KEY_UISupportedInterfaceOrientations_iPad = "UIInterfaceOrientationPortrait UIInterfaceOrientationPortraitUpsideDown UIInterfaceOrientationLandscapeLeft UIInterfaceOrientationLandscapeRight";
				INFOPLIST_KEY_UISupportedInterfaceOrientations_iPhone = "UIInterfaceOrientationPortrait UIInterfaceOrientationLandscapeLeft UIInterfaceOrientationLandscapeRight";
				LD_RUNPATH_SEARCH_PATHS = (
					"$(inherited)",
					"@executable_path/Frameworks",
				);
				MARKETING_VERSION = 1.0;
				PRODUCT_BUNDLE_IDENTIFIER = "ADAIL.Login-SwiftUI";
				PRODUCT_NAME = "$(TARGET_NAME)";
				SWIFT_EMIT_LOC_STRINGS = YES;
				SWIFT_VERSION = 5.0;
				TARGETED_DEVICE_FAMILY = "1,2";
			};
			name = Debug;
		};
		96B592E7287D72D100513E5E /* Release */ = {
			isa = XCBuildConfiguration;
			buildSettings = {
				ASSETCATALOG_COMPILER_APPICON_NAME = AppIcon;
				ASSETCATALOG_COMPILER_GLOBAL_ACCENT_COLOR_NAME = AccentColor;
				CODE_SIGN_ENTITLEMENTS = "Login-SwiftUI/Login-SwiftUI.entitlements";
				CODE_SIGN_STYLE = Automatic;
				CURRENT_PROJECT_VERSION = 1;
				DEVELOPMENT_ASSET_PATHS = "\"Login-SwiftUI/Preview Content\"";
				DEVELOPMENT_TEAM = 2TAHU375FY;
				ENABLE_PREVIEWS = YES;
				GENERATE_INFOPLIST_FILE = YES;
				INFOPLIST_KEY_UIApplicationSceneManifest_Generation = YES;
				INFOPLIST_KEY_UIApplicationSupportsIndirectInputEvents = YES;
				INFOPLIST_KEY_UILaunchScreen_Generation = YES;
				INFOPLIST_KEY_UISupportedInterfaceOrientations_iPad = "UIInterfaceOrientationPortrait UIInterfaceOrientationPortraitUpsideDown UIInterfaceOrientationLandscapeLeft UIInterfaceOrientationLandscapeRight";
				INFOPLIST_KEY_UISupportedInterfaceOrientations_iPhone = "UIInterfaceOrientationPortrait UIInterfaceOrientationLandscapeLeft UIInterfaceOrientationLandscapeRight";
				LD_RUNPATH_SEARCH_PATHS = (
					"$(inherited)",
					"@executable_path/Frameworks",
				);
				MARKETING_VERSION = 1.0;
				PRODUCT_BUNDLE_IDENTIFIER = "ADAIL.Login-SwiftUI";
				PRODUCT_NAME = "$(TARGET_NAME)";
				SWIFT_EMIT_LOC_STRINGS = YES;
				SWIFT_VERSION = 5.0;
				TARGETED_DEVICE_FAMILY = "1,2";
			};
			name = Release;
		};
/* End XCBuildConfiguration section */

/* Begin XCConfigurationList section */
		96B592D2287D72CF00513E5E /* Build configuration list for PBXProject "Login-SwiftUI" */ = {
			isa = XCConfigurationList;
			buildConfigurations = (
				96B592E3287D72D100513E5E /* Debug */,
				96B592E4287D72D100513E5E /* Release */,
			);
			defaultConfigurationIsVisible = 0;
			defaultConfigurationName = Release;
		};
		96B592E5287D72D100513E5E /* Build configuration list for PBXNativeTarget "Login-SwiftUI" */ = {
			isa = XCConfigurationList;
			buildConfigurations = (
				96B592E6287D72D100513E5E /* Debug */,
				96B592E7287D72D100513E5E /* Release */,
			);
			defaultConfigurationIsVisible = 0;
			defaultConfigurationName = Release;
		};
/* End XCConfigurationList section */
	};
	rootObject = 96B592CF287D72CF00513E5E /* Project object */;
}
